dependencies:
- name: pingdirectory
  repository: https://helm.pingidentity.com/devops
  version: 0.1.0
- name: pingdatasync
  repository: https://helm.pingidentity.com/devops
  version: 0.1.0
- name: pingfederate-admin
  repository: https://helm.pingidentity.com/devops
  version: 0.1.0
- name: pingfederate-engine
  repository: https://helm.pingidentity.com/devops
  version: 0.1.0
- name: pingdataconsole
  repository: https://helm.pingidentity.com/devops
  version: 0.1.0
digest: sha256:4dbd82530c299ef47ba691f76f2b028676ba4f7cc9e615ca27bd39d2e0163135
generated: "2020-10-27T14:20:35.360162-07:00"
